
Microsoft Visual Studio Solution File, Format Version 12.00
# Visual Studio Version 17
VisualStudioVersion = 17.10.35013.160
MinimumVisualStudioVersion = 10.0.40219.1
Project("{2150E333-8FDC-42A3-9474-1A3956D46DE8}") = "Task0", "Task0", "{71564FC7-E802-4FB2-B7C8-4C2C6D56CDB7}"
EndProject
Project("{2150E333-8FDC-42A3-9474-1A3956D46DE8}") = "Task1", "Task1", "{1D223166-E467-45E8-9561-BC2EC67E2EC7}"
EndProject
Project("{2150E333-8FDC-42A3-9474-1A3956D46DE8}") = "Task2", "Task2", "{0BA3CC60-DEA2-4233-8729-81BB51A46723}"
EndProject
Project("{2150E333-8FDC-42A3-9474-1A3956D46DE8}") = "Task3", "Task3", "{33FC3A65-699B-41A7-96B7-3A83C2434518}"
EndProject
Project("{2150E333-8FDC-42A3-9474-1A3956D46DE8}") = "Task4", "Task4", "{55EB3725-9C55-44ED-AF0F-96687CE6C841}"
EndProject
Project("{2150E333-8FDC-42A3-9474-1A3956D46DE8}") = "Task5", "Task5", "{A93A152A-CB63-4246-9FF0-61614B475AB3}"
EndProject
Project("{2150E333-8FDC-42A3-9474-1A3956D46DE8}") = "Task6", "Task6", "{66610EE2-1F8A-425F-90C1-63D957B48F3C}"
EndProject
Project("{2150E333-8FDC-42A3-9474-1A3956D46DE8}") = "Task7", "Task7", "{1A74EFDF-E33C-48B7-A5FD-2EDE1BE96066}"
EndProject
Project("{9A19103F-16F7-4668-BE54-9A1E7A4F7556}") = "Tyuiu.SenachevAV.Sprint5.Task0.V13", "Tyuiu.SenachevAV.Sprint5.Task0.V13\Tyuiu.SenachevAV.Sprint5.Task0.V13.csproj", "{C9065985-C132-4298-9E47-AFCB97B7DA46}"
EndProject
Project("{9A19103F-16F7-4668-BE54-9A1E7A4F7556}") = "Tyuiu.SenachevAV.Sprint5.Task0.V13.Lib", "Tyuiu.SenachevAV.Sprint5.Task0.V13.Lib\Tyuiu.SenachevAV.Sprint5.Task0.V13.Lib.csproj", "{B209B5DC-9863-47EA-AFEF-4E2A0D7BD15D}"
EndProject
Project("{9A19103F-16F7-4668-BE54-9A1E7A4F7556}") = "Tyuiu.SenachevAV.Sprint5.Task0.V13.Test", "Tyuiu.SenachevAV.Sprint5.Task0.V13.Test\Tyuiu.SenachevAV.Sprint5.Task0.V13.Test.csproj", "{D8408975-A0AB-4360-853E-3549F537C7BE}"
EndProject
Project("{9A19103F-16F7-4668-BE54-9A1E7A4F7556}") = "Tyuiu.SenachevAV.Sprint5.Task1.V26", "Tyuiu.SenachevAV.Sprint5.Task1.V26\Tyuiu.SenachevAV.Sprint5.Task1.V26.csproj", "{A8A00F69-54D2-48B4-B485-7E61E416D2DD}"
EndProject
Project("{9A19103F-16F7-4668-BE54-9A1E7A4F7556}") = "Tyuiu.SenachevAV.Sprint5.Task1.V26.Test", "Tyuiu.SenachevAV.Sprint5.Task1.V26.Test\Tyuiu.SenachevAV.Sprint5.Task1.V26.Test.csproj", "{AE82F488-2003-4DC9-B16B-74FC76F8BAF5}"
EndProject
Project("{9A19103F-16F7-4668-BE54-9A1E7A4F7556}") = "Tyuiu.SenachevAV.Sprint5.Task1.V26.Lib", "Tyuiu.SenachevAV.Sprint5.Task1.V26.Lib\Tyuiu.SenachevAV.Sprint5.Task1.V26.Lib.csproj", "{862FFB74-5200-4FC7-8E27-C4070ED7F61C}"
EndProject
Project("{9A19103F-16F7-4668-BE54-9A1E7A4F7556}") = "Tyuiu.SenachevAV.Sprint5.Task2.V10", "Tyuiu.SenachevAV.Sprint5.Task2.V10\Tyuiu.SenachevAV.Sprint5.Task2.V10.csproj", "{EE2BF5A8-DCA6-43EF-A148-627DE7BC3D0F}"
EndProject
Project("{9A19103F-16F7-4668-BE54-9A1E7A4F7556}") = "Tyuiu.SenachevAV.Sprint5.Task2.V10.Lib", "Tyuiu.SenachevAV.Sprint5.Task2.V10.Lib\Tyuiu.SenachevAV.Sprint5.Task2.V10.Lib.csproj", "{27225B8C-FF9F-4748-BCEC-46FC86ED5FA5}"
EndProject
Project("{9A19103F-16F7-4668-BE54-9A1E7A4F7556}") = "Tyuiu.SenachevAV.Sprint5.Task2.V10.Test", "Tyuiu.SenachevAV.Sprint5.Task2.V10.Test\Tyuiu.SenachevAV.Sprint5.Task2.V10.Test.csproj", "{5C3BDFCA-B92D-4A91-A56F-708F9CCD6B39}"
EndProject
Project("{9A19103F-16F7-4668-BE54-9A1E7A4F7556}") = "Tyuiu.SenachevAV.Sprint5.Task3.V19", "Tyuiu.SenachevAV.Sprint5.Task3.V19\Tyuiu.SenachevAV.Sprint5.Task3.V19.csproj", "{36169F81-28EB-433C-B63B-E960E89F1E33}"
EndProject
Project("{9A19103F-16F7-4668-BE54-9A1E7A4F7556}") = "Tyuiu.SenachevAV.Sprint5.Task3.V19.Test", "Tyuiu.SenachevAV.Sprint5.Task3.V19.Test\Tyuiu.SenachevAV.Sprint5.Task3.V19.Test.csproj", "{F8002DBA-B27C-4DEB-88F3-85129AB85346}"
EndProject
Project("{9A19103F-16F7-4668-BE54-9A1E7A4F7556}") = "Tyuiu.SenachevAV.Sprint5.Task3.V19.Lib", "Tyuiu.SenachevAV.Sprint5.Task3.V19.Lib\Tyuiu.SenachevAV.Sprint5.Task3.V19.Lib.csproj", "{9AA554F9-FBA8-4CEC-BB58-522DC370B687}"
EndProject
Project("{9A19103F-16F7-4668-BE54-9A1E7A4F7556}") = "Tyuiu.SenachevAV.Sprint5.Task4.V25", "Tyuiu.SenachevAV.Sprint5.Task4.V25\Tyuiu.SenachevAV.Sprint5.Task4.V25.csproj", "{B6CC965C-2B16-4807-AAD2-F815FEA1B2D1}"
EndProject
Project("{9A19103F-16F7-4668-BE54-9A1E7A4F7556}") = "Tyuiu.SenachevAV.Sprint5.Task4.V25.Test", "Tyuiu.SenachevAV.Sprint5.Task4.V25.Test\Tyuiu.SenachevAV.Sprint5.Task4.V25.Test.csproj", "{C2E4BF19-4E88-48D0-8A30-C26DBB9E75DC}"
EndProject
Project("{9A19103F-16F7-4668-BE54-9A1E7A4F7556}") = "Tyuiu.SenachevAV.Sprint5.Task4.V25.Lib", "Tyuiu.SenachevAV.Sprint5.Task4.V25.Lib\Tyuiu.SenachevAV.Sprint5.Task4.V25.Lib.csproj", "{0879D615-06EC-403C-84C0-E229207576D2}"
EndProject
Project("{FAE04EC0-301F-11D3-BF4B-00C04F79EFBC}") = "Tyuiu.SenachevAV.Sprint5.Task5.V22", "Tyuiu.SenachevAV.Sprint5.Task5.V22\Tyuiu.SenachevAV.Sprint5.Task5.V22.csproj", "{E0F943B4-0155-4685-A0B5-E9505D98788E}"
EndProject
Project("{FAE04EC0-301F-11D3-BF4B-00C04F79EFBC}") = "Tyuiu.SenachevAV.Sprint5.Task5.V22.Test", "Tyuiu.SenachevAV.Sprint5.Task5.V22.Test\Tyuiu.SenachevAV.Sprint5.Task5.V22.Test.csproj", "{0BE68C0A-1FDF-4712-9CD2-98ECFB2F622B}"
EndProject
Project("{FAE04EC0-301F-11D3-BF4B-00C04F79EFBC}") = "Tyuiu.SenachevAV.Sprint5.Task5.V22.Lib", "Tyuiu.SenachevAV.Sprint5.Task5.V22.Lib\Tyuiu.SenachevAV.Sprint5.Task5.V22.Lib.csproj", "{89273AE2-5D3A-4E2A-95F4-548BDE8B10B2}"
EndProject
Project("{FAE04EC0-301F-11D3-BF4B-00C04F79EFBC}") = "Tyuiu.SenachevAV.Sprint5.Task6.V20", "Tyuiu.SenachevAV.Sprint5.Task6.V20\Tyuiu.SenachevAV.Sprint5.Task6.V20.csproj", "{2B9806EF-ACD0-4E65-98A5-0B03A91AE9CE}"
EndProject
Project("{FAE04EC0-301F-11D3-BF4B-00C04F79EFBC}") = "Tyuiu.SenachevAV.Sprint5.Task6.V20.Test", "Tyuiu.SenachevAV.Sprint5.Task6.V20.Test\Tyuiu.SenachevAV.Sprint5.Task6.V20.Test.csproj", "{EE6D730D-68E5-46AA-9C98-3D421811752C}"
EndProject
Project("{FAE04EC0-301F-11D3-BF4B-00C04F79EFBC}") = "Tyuiu.SenachevAV.Sprint5.Task6.V20.Lib", "Tyuiu.SenachevAV.Sprint5.Task6.V20.Lib\Tyuiu.SenachevAV.Sprint5.Task6.V20.Lib.csproj", "{CE0BD5E7-F25A-4E95-95CF-B2DF64D44CBA}"
EndProject
Global
	GlobalSection(SolutionConfigurationPlatforms) = preSolution
		Debug|Any CPU = Debug|Any CPU
		Release|Any CPU = Release|Any CPU
	EndGlobalSection
	GlobalSection(ProjectConfigurationPlatforms) = postSolution
		{C9065985-C132-4298-9E47-AFCB97B7DA46}.Debug|Any CPU.ActiveCfg = Debug|Any CPU
		{C9065985-C132-4298-9E47-AFCB97B7DA46}.Debug|Any CPU.Build.0 = Debug|Any CPU
		{C9065985-C132-4298-9E47-AFCB97B7DA46}.Release|Any CPU.ActiveCfg = Release|Any CPU
		{C9065985-C132-4298-9E47-AFCB97B7DA46}.Release|Any CPU.Build.0 = Release|Any CPU
		{B209B5DC-9863-47EA-AFEF-4E2A0D7BD15D}.Debug|Any CPU.ActiveCfg = Debug|Any CPU
		{B209B5DC-9863-47EA-AFEF-4E2A0D7BD15D}.Debug|Any CPU.Build.0 = Debug|Any CPU
		{B209B5DC-9863-47EA-AFEF-4E2A0D7BD15D}.Release|Any CPU.ActiveCfg = Release|Any CPU
		{B209B5DC-9863-47EA-AFEF-4E2A0D7BD15D}.Release|Any CPU.Build.0 = Release|Any CPU
		{D8408975-A0AB-4360-853E-3549F537C7BE}.Debug|Any CPU.ActiveCfg = Debug|Any CPU
		{D8408975-A0AB-4360-853E-3549F537C7BE}.Debug|Any CPU.Build.0 = Debug|Any CPU
		{D8408975-A0AB-4360-853E-3549F537C7BE}.Release|Any CPU.ActiveCfg = Release|Any CPU
		{D8408975-A0AB-4360-853E-3549F537C7BE}.Release|Any CPU.Build.0 = Release|Any CPU
		{A8A00F69-54D2-48B4-B485-7E61E416D2DD}.Debug|Any CPU.ActiveCfg = Debug|Any CPU
		{A8A00F69-54D2-48B4-B485-7E61E416D2DD}.Debug|Any CPU.Build.0 = Debug|Any CPU
		{A8A00F69-54D2-48B4-B485-7E61E416D2DD}.Release|Any CPU.ActiveCfg = Release|Any CPU
		{A8A00F69-54D2-48B4-B485-7E61E416D2DD}.Release|Any CPU.Build.0 = Release|Any CPU
		{AE82F488-2003-4DC9-B16B-74FC76F8BAF5}.Debug|Any CPU.ActiveCfg = Debug|Any CPU
		{AE82F488-2003-4DC9-B16B-74FC76F8BAF5}.Debug|Any CPU.Build.0 = Debug|Any CPU
		{AE82F488-2003-4DC9-B16B-74FC76F8BAF5}.Release|Any CPU.ActiveCfg = Release|Any CPU
		{AE82F488-2003-4DC9-B16B-74FC76F8BAF5}.Release|Any CPU.Build.0 = Release|Any CPU
		{862FFB74-5200-4FC7-8E27-C4070ED7F61C}.Debug|Any CPU.ActiveCfg = Debug|Any CPU
		{862FFB74-5200-4FC7-8E27-C4070ED7F61C}.Debug|Any CPU.Build.0 = Debug|Any CPU
		{862FFB74-5200-4FC7-8E27-C4070ED7F61C}.Release|Any CPU.ActiveCfg = Release|Any CPU
		{862FFB74-5200-4FC7-8E27-C4070ED7F61C}.Release|Any CPU.Build.0 = Release|Any CPU
		{EE2BF5A8-DCA6-43EF-A148-627DE7BC3D0F}.Debug|Any CPU.ActiveCfg = Debug|Any CPU
		{EE2BF5A8-DCA6-43EF-A148-627DE7BC3D0F}.Debug|Any CPU.Build.0 = Debug|Any CPU
		{EE2BF5A8-DCA6-43EF-A148-627DE7BC3D0F}.Release|Any CPU.ActiveCfg = Release|Any CPU
		{EE2BF5A8-DCA6-43EF-A148-627DE7BC3D0F}.Release|Any CPU.Build.0 = Release|Any CPU
		{27225B8C-FF9F-4748-BCEC-46FC86ED5FA5}.Debug|Any CPU.ActiveCfg = Debug|Any CPU
		{27225B8C-FF9F-4748-BCEC-46FC86ED5FA5}.Debug|Any CPU.Build.0 = Debug|Any CPU
		{27225B8C-FF9F-4748-BCEC-46FC86ED5FA5}.Release|Any CPU.ActiveCfg = Release|Any CPU
		{27225B8C-FF9F-4748-BCEC-46FC86ED5FA5}.Release|Any CPU.Build.0 = Release|Any CPU
		{5C3BDFCA-B92D-4A91-A56F-708F9CCD6B39}.Debug|Any CPU.ActiveCfg = Debug|Any CPU
		{5C3BDFCA-B92D-4A91-A56F-708F9CCD6B39}.Debug|Any CPU.Build.0 = Debug|Any CPU
		{5C3BDFCA-B92D-4A91-A56F-708F9CCD6B39}.Release|Any CPU.ActiveCfg = Release|Any CPU
		{5C3BDFCA-B92D-4A91-A56F-708F9CCD6B39}.Release|Any CPU.Build.0 = Release|Any CPU
		{36169F81-28EB-433C-B63B-E960E89F1E33}.Debug|Any CPU.ActiveCfg = Debug|Any CPU
		{36169F81-28EB-433C-B63B-E960E89F1E33}.Debug|Any CPU.Build.0 = Debug|Any CPU
		{36169F81-28EB-433C-B63B-E960E89F1E33}.Release|Any CPU.ActiveCfg = Release|Any CPU
		{36169F81-28EB-433C-B63B-E960E89F1E33}.Release|Any CPU.Build.0 = Release|Any CPU
		{F8002DBA-B27C-4DEB-88F3-85129AB85346}.Debug|Any CPU.ActiveCfg = Debug|Any CPU
		{F8002DBA-B27C-4DEB-88F3-85129AB85346}.Debug|Any CPU.Build.0 = Debug|Any CPU
		{F8002DBA-B27C-4DEB-88F3-85129AB85346}.Release|Any CPU.ActiveCfg = Release|Any CPU
		{F8002DBA-B27C-4DEB-88F3-85129AB85346}.Release|Any CPU.Build.0 = Release|Any CPU
		{9AA554F9-FBA8-4CEC-BB58-522DC370B687}.Debug|Any CPU.ActiveCfg = Debug|Any CPU
		{9AA554F9-FBA8-4CEC-BB58-522DC370B687}.Debug|Any CPU.Build.0 = Debug|Any CPU
		{9AA554F9-FBA8-4CEC-BB58-522DC370B687}.Release|Any CPU.ActiveCfg = Release|Any CPU
		{9AA554F9-FBA8-4CEC-BB58-522DC370B687}.Release|Any CPU.Build.0 = Release|Any CPU
		{B6CC965C-2B16-4807-AAD2-F815FEA1B2D1}.Debug|Any CPU.ActiveCfg = Debug|Any CPU
		{B6CC965C-2B16-4807-AAD2-F815FEA1B2D1}.Debug|Any CPU.Build.0 = Debug|Any CPU
		{B6CC965C-2B16-4807-AAD2-F815FEA1B2D1}.Release|Any CPU.ActiveCfg = Release|Any CPU
		{B6CC965C-2B16-4807-AAD2-F815FEA1B2D1}.Release|Any CPU.Build.0 = Release|Any CPU
		{C2E4BF19-4E88-48D0-8A30-C26DBB9E75DC}.Debug|Any CPU.ActiveCfg = Debug|Any CPU
		{C2E4BF19-4E88-48D0-8A30-C26DBB9E75DC}.Debug|Any CPU.Build.0 = Debug|Any CPU
		{C2E4BF19-4E88-48D0-8A30-C26DBB9E75DC}.Release|Any CPU.ActiveCfg = Release|Any CPU
		{C2E4BF19-4E88-48D0-8A30-C26DBB9E75DC}.Release|Any CPU.Build.0 = Release|Any CPU
		{0879D615-06EC-403C-84C0-E229207576D2}.Debug|Any CPU.ActiveCfg = Debug|Any CPU
		{0879D615-06EC-403C-84C0-E229207576D2}.Debug|Any CPU.Build.0 = Debug|Any CPU
		{0879D615-06EC-403C-84C0-E229207576D2}.Release|Any CPU.ActiveCfg = Release|Any CPU
		{0879D615-06EC-403C-84C0-E229207576D2}.Release|Any CPU.Build.0 = Release|Any CPU
		{E0F943B4-0155-4685-A0B5-E9505D98788E}.Debug|Any CPU.ActiveCfg = Debug|Any CPU
		{E0F943B4-0155-4685-A0B5-E9505D98788E}.Debug|Any CPU.Build.0 = Debug|Any CPU
		{E0F943B4-0155-4685-A0B5-E9505D98788E}.Release|Any CPU.ActiveCfg = Release|Any CPU
		{E0F943B4-0155-4685-A0B5-E9505D98788E}.Release|Any CPU.Build.0 = Release|Any CPU
		{0BE68C0A-1FDF-4712-9CD2-98ECFB2F622B}.Debug|Any CPU.ActiveCfg = Debug|Any CPU
		{0BE68C0A-1FDF-4712-9CD2-98ECFB2F622B}.Debug|Any CPU.Build.0 = Debug|Any CPU
		{0BE68C0A-1FDF-4712-9CD2-98ECFB2F622B}.Release|Any CPU.ActiveCfg = Release|Any CPU
		{0BE68C0A-1FDF-4712-9CD2-98ECFB2F622B}.Release|Any CPU.Build.0 = Release|Any CPU
		{89273AE2-5D3A-4E2A-95F4-548BDE8B10B2}.Debug|Any CPU.ActiveCfg = Debug|Any CPU
		{89273AE2-5D3A-4E2A-95F4-548BDE8B10B2}.Debug|Any CPU.Build.0 = Debug|Any CPU
		{89273AE2-5D3A-4E2A-95F4-548BDE8B10B2}.Release|Any CPU.ActiveCfg = Release|Any CPU
		{89273AE2-5D3A-4E2A-95F4-548BDE8B10B2}.Release|Any CPU.Build.0 = Release|Any CPU
		{2B9806EF-ACD0-4E65-98A5-0B03A91AE9CE}.Debug|Any CPU.ActiveCfg = Debug|Any CPU
		{2B9806EF-ACD0-4E65-98A5-0B03A91AE9CE}.Debug|Any CPU.Build.0 = Debug|Any CPU
		{2B9806EF-ACD0-4E65-98A5-0B03A91AE9CE}.Release|Any CPU.ActiveCfg = Release|Any CPU
		{2B9806EF-ACD0-4E65-98A5-0B03A91AE9CE}.Release|Any CPU.Build.0 = Release|Any CPU
		{EE6D730D-68E5-46AA-9C98-3D421811752C}.Debug|Any CPU.ActiveCfg = Debug|Any CPU
		{EE6D730D-68E5-46AA-9C98-3D421811752C}.Debug|Any CPU.Build.0 = Debug|Any CPU
		{EE6D730D-68E5-46AA-9C98-3D421811752C}.Release|Any CPU.ActiveCfg = Release|Any CPU
		{EE6D730D-68E5-46AA-9C98-3D421811752C}.Release|Any CPU.Build.0 = Release|Any CPU
		{CE0BD5E7-F25A-4E95-95CF-B2DF64D44CBA}.Debug|Any CPU.ActiveCfg = Debug|Any CPU
		{CE0BD5E7-F25A-4E95-95CF-B2DF64D44CBA}.Debug|Any CPU.Build.0 = Debug|Any CPU
		{CE0BD5E7-F25A-4E95-95CF-B2DF64D44CBA}.Release|Any CPU.ActiveCfg = Release|Any CPU
		{CE0BD5E7-F25A-4E95-95CF-B2DF64D44CBA}.Release|Any CPU.Build.0 = Release|Any CPU
	EndGlobalSection
	GlobalSection(SolutionProperties) = preSolution
		HideSolutionNode = FALSE
	EndGlobalSection
	GlobalSection(NestedProjects) = preSolution
		{C9065985-C132-4298-9E47-AFCB97B7DA46} = {71564FC7-E802-4FB2-B7C8-4C2C6D56CDB7}
		{B209B5DC-9863-47EA-AFEF-4E2A0D7BD15D} = {71564FC7-E802-4FB2-B7C8-4C2C6D56CDB7}
		{D8408975-A0AB-4360-853E-3549F537C7BE} = {71564FC7-E802-4FB2-B7C8-4C2C6D56CDB7}
		{A8A00F69-54D2-48B4-B485-7E61E416D2DD} = {1D223166-E467-45E8-9561-BC2EC67E2EC7}
		{AE82F488-2003-4DC9-B16B-74FC76F8BAF5} = {1D223166-E467-45E8-9561-BC2EC67E2EC7}
		{862FFB74-5200-4FC7-8E27-C4070ED7F61C} = {1D223166-E467-45E8-9561-BC2EC67E2EC7}
		{EE2BF5A8-DCA6-43EF-A148-627DE7BC3D0F} = {0BA3CC60-DEA2-4233-8729-81BB51A46723}
		{27225B8C-FF9F-4748-BCEC-46FC86ED5FA5} = {0BA3CC60-DEA2-4233-8729-81BB51A46723}
		{5C3BDFCA-B92D-4A91-A56F-708F9CCD6B39} = {0BA3CC60-DEA2-4233-8729-81BB51A46723}
		{36169F81-28EB-433C-B63B-E960E89F1E33} = {33FC3A65-699B-41A7-96B7-3A83C2434518}
		{F8002DBA-B27C-4DEB-88F3-85129AB85346} = {33FC3A65-699B-41A7-96B7-3A83C2434518}
		{9AA554F9-FBA8-4CEC-BB58-522DC370B687} = {33FC3A65-699B-41A7-96B7-3A83C2434518}
		{B6CC965C-2B16-4807-AAD2-F815FEA1B2D1} = {55EB3725-9C55-44ED-AF0F-96687CE6C841}
		{C2E4BF19-4E88-48D0-8A30-C26DBB9E75DC} = {55EB3725-9C55-44ED-AF0F-96687CE6C841}
		{0879D615-06EC-403C-84C0-E229207576D2} = {55EB3725-9C55-44ED-AF0F-96687CE6C841}
		{E0F943B4-0155-4685-A0B5-E9505D98788E} = {A93A152A-CB63-4246-9FF0-61614B475AB3}
		{0BE68C0A-1FDF-4712-9CD2-98ECFB2F622B} = {A93A152A-CB63-4246-9FF0-61614B475AB3}
		{89273AE2-5D3A-4E2A-95F4-548BDE8B10B2} = {A93A152A-CB63-4246-9FF0-61614B475AB3}
		{2B9806EF-ACD0-4E65-98A5-0B03A91AE9CE} = {66610EE2-1F8A-425F-90C1-63D957B48F3C}
		{EE6D730D-68E5-46AA-9C98-3D421811752C} = {66610EE2-1F8A-425F-90C1-63D957B48F3C}
		{CE0BD5E7-F25A-4E95-95CF-B2DF64D44CBA} = {66610EE2-1F8A-425F-90C1-63D957B48F3C}
	EndGlobalSection
	GlobalSection(ExtensibilityGlobals) = postSolution
		SolutionGuid = {15319A6E-7516-4F2D-B5A6-E89BEEE6F52C}
	EndGlobalSection
EndGlobal
